
Microsoft Visual Studio Solution File, Format Version 12.00
# Visual Studio Version 16
VisualStudioVersion = 16.0.31205.134
MinimumVisualStudioVersion = 10.0.40219.1
Project("{FAE04EC0-301F-11D3-BF4B-00C04F79EFBC}") = "Delegates", "Delegates.csproj", "{EB09C263-3F5A-4B70-8834-217A04D379D0}"
EndProject
Global
	GlobalSection(SolutionConfigurationPlatforms) = preSolution
		Debug|Any CPU = Debug|Any CPU
		Release|Any CPU = Release|Any CPU
	EndGlobalSection
	GlobalSection(ProjectConfigurationPlatforms) = postSolution
		{EB09C263-3F5A-4B70-8834-217A04D379D0}.Debug|Any CPU.ActiveCfg = Debug|Any CPU
		{EB09C263-3F5A-4B70-8834-217A04D379D0}.Debug|Any CPU.Build.0 = Debug|Any CPU
		{EB09C263-3F5A-4B70-8834-217A04D379D0}.Release|Any CPU.ActiveCfg = Release|Any CPU
		{EB09C263-3F5A-4B70-8834-217A04D379D0}.Release|Any CPU.Build.0 = Release|Any CPU
	EndGlobalSection
	GlobalSection(SolutionProperties) = preSolution
		HideSolutionNode = FALSE
	EndGlobalSection
	GlobalSection(ExtensibilityGlobals) = postSolution
		SolutionGuid = {65957D87-A407-40DD-B70D-2F53923DCA15}
	EndGlobalSection
EndGlobal
